// !$*UTF8*$!
{
	archiveVersion = 1;
	classes = {
	};
	objectVersion = 46;
	objects = {

/* Begin PBXBuildFile section */
		0D668D4318D8909B00B8EF6F /* NTNavigationController.m in Sources */ = {isa = PBXBuildFile; fileRef = 0D668D3F18D8909B00B8EF6F /* NTNavigationController.m */; };
		0D668D4418D8909B00B8EF6F /* NTViewController.m in Sources */ = {isa = PBXBuildFile; fileRef = 0D668D4218D8909B00B8EF6F /* NTViewController.m */; };
		0DF9523D18E83BCC004DFFED /* JASidePanelController.m in Sources */ = {isa = PBXBuildFile; fileRef = 0DF9523A18E83BCC004DFFED /* JASidePanelController.m */; };
		0DF9523E18E83BCC004DFFED /* UIViewController+JASidePanel.m in Sources */ = {isa = PBXBuildFile; fileRef = 0DF9523C18E83BCC004DFFED /* UIViewController+JASidePanel.m */; };
		0DF9524218E83CBE004DFFED /* NTLeftMenuController.m in Sources */ = {isa = PBXBuildFile; fileRef = 0DF9524118E83CBE004DFFED /* NTLeftMenuController.m */; };
		0DF9524518E83CCF004DFFED /* NTRightMenuController.m in Sources */ = {isa = PBXBuildFile; fileRef = 0DF9524418E83CCF004DFFED /* NTRightMenuController.m */; };
		0DF9524818E83CFD004DFFED /* NTCenterController.m in Sources */ = {isa = PBXBuildFile; fileRef = 0DF9524718E83CFD004DFFED /* NTCenterController.m */; };
		0DF9524E18E840A5004DFFED /* UIUtils.m in Sources */ = {isa = PBXBuildFile; fileRef = 0DF9524D18E840A5004DFFED /* UIUtils.m */; };
		0DF9525618E84196004DFFED /* UIViewExt.m in Sources */ = {isa = PBXBuildFile; fileRef = 0DF9525518E84196004DFFED /* UIViewExt.m */; };
		3A07E6DD18CFF4ED0008A00F /* Foundation.framework in Frameworks */ = {isa = PBXBuildFile; fileRef = 3A07E6DC18CFF4ED0008A00F /* Foundation.framework */; };
		3A07E6DF18CFF4ED0008A00F /* CoreGraphics.framework in Frameworks */ = {isa = PBXBuildFile; fileRef = 3A07E6DE18CFF4ED0008A00F /* CoreGraphics.framework */; };
		3A07E6E118CFF4ED0008A00F /* UIKit.framework in Frameworks */ = {isa = PBXBuildFile; fileRef = 3A07E6E018CFF4ED0008A00F /* UIKit.framework */; };
		3A07E6E718CFF4ED0008A00F /* InfoPlist.strings in Resources */ = {isa = PBXBuildFile; fileRef = 3A07E6E518CFF4ED0008A00F /* InfoPlist.strings */; };
		3A07E6E918CFF4ED0008A00F /* main.m in Sources */ = {isa = PBXBuildFile; fileRef = 3A07E6E818CFF4ED0008A00F /* main.m */; };
		3A07E6ED18CFF4ED0008A00F /* NTAppDelegate.m in Sources */ = {isa = PBXBuildFile; fileRef = 3A07E6EC18CFF4ED0008A00F /* NTAppDelegate.m */; };
		3A07E6F018CFF4ED0008A00F /* Main.storyboard in Resources */ = {isa = PBXBuildFile; fileRef = 3A07E6EE18CFF4ED0008A00F /* Main.storyboard */; };
		3A07E6F318CFF4ED0008A00F /* NTMainViewController.m in Sources */ = {isa = PBXBuildFile; fileRef = 3A07E6F218CFF4ED0008A00F /* NTMainViewController.m */; };
		3A07E6F518CFF4ED0008A00F /* Images.xcassets in Resources */ = {isa = PBXBuildFile; fileRef = 3A07E6F418CFF4ED0008A00F /* Images.xcassets */; };
		3A07E6FC18CFF4ED0008A00F /* XCTest.framework in Frameworks */ = {isa = PBXBuildFile; fileRef = 3A07E6FB18CFF4ED0008A00F /* XCTest.framework */; };
		3A07E6FD18CFF4ED0008A00F /* Foundation.framework in Frameworks */ = {isa = PBXBuildFile; fileRef = 3A07E6DC18CFF4ED0008A00F /* Foundation.framework */; };
		3A07E6FE18CFF4ED0008A00F /* UIKit.framework in Frameworks */ = {isa = PBXBuildFile; fileRef = 3A07E6E018CFF4ED0008A00F /* UIKit.framework */; };
		3A07E70618CFF4ED0008A00F /* InfoPlist.strings in Resources */ = {isa = PBXBuildFile; fileRef = 3A07E70418CFF4ED0008A00F /* InfoPlist.strings */; };
		3A07E70818CFF4ED0008A00F /* NewsTests.m in Sources */ = {isa = PBXBuildFile; fileRef = 3A07E70718CFF4ED0008A00F /* NewsTests.m */; };
		3A07E72518CFF7BF0008A00F /* NTTableViewCell.m in Sources */ = {isa = PBXBuildFile; fileRef = 3A07E72418CFF7BF0008A00F /* NTTableViewCell.m */; };
		3A07E72918CFF7F50008A00F /* NTTableView.m in Sources */ = {isa = PBXBuildFile; fileRef = 3A07E72818CFF7F50008A00F /* NTTableView.m */; };
		3A07E74418CFFA4C0008A00F /* WXXBaseModel.m in Sources */ = {isa = PBXBuildFile; fileRef = 3A07E74318CFFA4C0008A00F /* WXXBaseModel.m */; };
		3A07E74818CFFAB80008A00F /* UIView+Effects.m in Sources */ = {isa = PBXBuildFile; fileRef = 3A07E74718CFFAB80008A00F /* UIView+Effects.m */; };
		3A07E74C18CFFAC50008A00F /* UIDevice+Resolutions.m in Sources */ = {isa = PBXBuildFile; fileRef = 3A07E74B18CFFAC50008A00F /* UIDevice+Resolutions.m */; };
		9427A989DB5A467F8A37FFD1 /* libPods.a in Frameworks */ = {isa = PBXBuildFile; fileRef = 2A8F1D716E454D2EA0B7D988 /* libPods.a */; };
/* End PBXBuildFile section */

/* Begin PBXContainerItemProxy section */
		3A07E6FF18CFF4ED0008A00F /* PBXContainerItemProxy */ = {
			isa = PBXContainerItemProxy;
			containerPortal = 3A07E6D118CFF4ED0008A00F /* Project object */;
			proxyType = 1;
			remoteGlobalIDString = 3A07E6D818CFF4ED0008A00F;
			remoteInfo = News;
		};
/* End PBXContainerItemProxy section */

/* Begin PBXFileReference section */
		0D668D3E18D8909B00B8EF6F /* NTNavigationController.h */ = {isa = PBXFileReference; fileEncoding = 4; lastKnownFileType = sourcecode.c.h; path = NTNavigationController.h; sourceTree = "<group>"; };
		0D668D3F18D8909B00B8EF6F /* NTNavigationController.m */ = {isa = PBXFileReference; fileEncoding = 4; lastKnownFileType = sourcecode.c.objc; path = NTNavigationController.m; sourceTree = "<group>"; };
		0D668D4118D8909B00B8EF6F /* NTViewController.h */ = {isa = PBXFileReference; fileEncoding = 4; lastKnownFileType = sourcecode.c.h; path = NTViewController.h; sourceTree = "<group>"; };
		0D668D4218D8909B00B8EF6F /* NTViewController.m */ = {isa = PBXFileReference; fileEncoding = 4; lastKnownFileType = sourcecode.c.objc; path = NTViewController.m; sourceTree = "<group>"; };
		0DF9523918E83BCC004DFFED /* JASidePanelController.h */ = {isa = PBXFileReference; fileEncoding = 4; lastKnownFileType = sourcecode.c.h; path = JASidePanelController.h; sourceTree = "<group>"; };
		0DF9523A18E83BCC004DFFED /* JASidePanelController.m */ = {isa = PBXFileReference; fileEncoding = 4; lastKnownFileType = sourcecode.c.objc; path = JASidePanelController.m; sourceTree = "<group>"; };
		0DF9523B18E83BCC004DFFED /* UIViewController+JASidePanel.h */ = {isa = PBXFileReference; fileEncoding = 4; lastKnownFileType = sourcecode.c.h; path = "UIViewController+JASidePanel.h"; sourceTree = "<group>"; };
		0DF9523C18E83BCC004DFFED /* UIViewController+JASidePanel.m */ = {isa = PBXFileReference; fileEncoding = 4; lastKnownFileType = sourcecode.c.objc; path = "UIViewController+JASidePanel.m"; sourceTree = "<group>"; };
		0DF9524018E83CBE004DFFED /* NTLeftMenuController.h */ = {isa = PBXFileReference; fileEncoding = 4; lastKnownFileType = sourcecode.c.h; path = NTLeftMenuController.h; sourceTree = "<group>"; };
		0DF9524118E83CBE004DFFED /* NTLeftMenuController.m */ = {isa = PBXFileReference; fileEncoding = 4; lastKnownFileType = sourcecode.c.objc; path = NTLeftMenuController.m; sourceTree = "<group>"; };
		0DF9524318E83CCF004DFFED /* NTRightMenuController.h */ = {isa = PBXFileReference; fileEncoding = 4; lastKnownFileType = sourcecode.c.h; path = NTRightMenuController.h; sourceTree = "<group>"; };
		0DF9524418E83CCF004DFFED /* NTRightMenuController.m */ = {isa = PBXFileReference; fileEncoding = 4; lastKnownFileType = sourcecode.c.objc; path = NTRightMenuController.m; sourceTree = "<group>"; };
		0DF9524618E83CFD004DFFED /* NTCenterController.h */ = {isa = PBXFileReference; fileEncoding = 4; lastKnownFileType = sourcecode.c.h; path = NTCenterController.h; sourceTree = "<group>"; };
		0DF9524718E83CFD004DFFED /* NTCenterController.m */ = {isa = PBXFileReference; fileEncoding = 4; lastKnownFileType = sourcecode.c.objc; path = NTCenterController.m; sourceTree = "<group>"; };
		0DF9524918E83FF1004DFFED /* NewsAPIMacro.h */ = {isa = PBXFileReference; lastKnownFileType = sourcecode.c.h; path = NewsAPIMacro.h; sourceTree = "<group>"; };
		0DF9524C18E840A5004DFFED /* UIUtils.h */ = {isa = PBXFileReference; fileEncoding = 4; lastKnownFileType = sourcecode.c.h; path = UIUtils.h; sourceTree = "<group>"; };
		0DF9524D18E840A5004DFFED /* UIUtils.m */ = {isa = PBXFileReference; fileEncoding = 4; lastKnownFileType = sourcecode.c.objc; path = UIUtils.m; sourceTree = "<group>"; };
		0DF9525418E84196004DFFED /* UIViewExt.h */ = {isa = PBXFileReference; fileEncoding = 4; lastKnownFileType = sourcecode.c.h; path = UIViewExt.h; sourceTree = "<group>"; };
		0DF9525518E84196004DFFED /* UIViewExt.m */ = {isa = PBXFileReference; fileEncoding = 4; lastKnownFileType = sourcecode.c.objc; path = UIViewExt.m; sourceTree = "<group>"; };
		2A8F1D716E454D2EA0B7D988 /* libPods.a */ = {isa = PBXFileReference; explicitFileType = archive.ar; includeInIndex = 0; path = libPods.a; sourceTree = BUILT_PRODUCTS_DIR; };
		3A07E6D918CFF4ED0008A00F /* News.app */ = {isa = PBXFileReference; explicitFileType = wrapper.application; includeInIndex = 0; path = News.app; sourceTree = BUILT_PRODUCTS_DIR; };
		3A07E6DC18CFF4ED0008A00F /* Foundation.framework */ = {isa = PBXFileReference; lastKnownFileType = wrapper.framework; name = Foundation.framework; path = System/Library/Frameworks/Foundation.framework; sourceTree = SDKROOT; };
		3A07E6DE18CFF4ED0008A00F /* CoreGraphics.framework */ = {isa = PBXFileReference; lastKnownFileType = wrapper.framework; name = CoreGraphics.framework; path = System/Library/Frameworks/CoreGraphics.framework; sourceTree = SDKROOT; };
		3A07E6E018CFF4ED0008A00F /* UIKit.framework */ = {isa = PBXFileReference; lastKnownFileType = wrapper.framework; name = UIKit.framework; path = System/Library/Frameworks/UIKit.framework; sourceTree = SDKROOT; };
		3A07E6E418CFF4ED0008A00F /* News-Info.plist */ = {isa = PBXFileReference; lastKnownFileType = text.plist.xml; path = "News-Info.plist"; sourceTree = "<group>"; };
		3A07E6E618CFF4ED0008A00F /* en */ = {isa = PBXFileReference; lastKnownFileType = text.plist.strings; name = en; path = en.lproj/InfoPlist.strings; sourceTree = "<group>"; };
		3A07E6E818CFF4ED0008A00F /* main.m */ = {isa = PBXFileReference; lastKnownFileType = sourcecode.c.objc; path = main.m; sourceTree = "<group>"; };
		3A07E6EA18CFF4ED0008A00F /* News-Prefix.pch */ = {isa = PBXFileReference; lastKnownFileType = sourcecode.c.h; path = "News-Prefix.pch"; sourceTree = "<group>"; };
		3A07E6EB18CFF4ED0008A00F /* NTAppDelegate.h */ = {isa = PBXFileReference; lastKnownFileType = sourcecode.c.h; path = NTAppDelegate.h; sourceTree = "<group>"; };
		3A07E6EC18CFF4ED0008A00F /* NTAppDelegate.m */ = {isa = PBXFileReference; lastKnownFileType = sourcecode.c.objc; path = NTAppDelegate.m; sourceTree = "<group>"; };
		3A07E6EF18CFF4ED0008A00F /* Base */ = {isa = PBXFileReference; lastKnownFileType = file.storyboard; name = Base; path = Base.lproj/Main.storyboard; sourceTree = "<group>"; };
		3A07E6F118CFF4ED0008A00F /* NTMainViewController.h */ = {isa = PBXFileReference; lastKnownFileType = sourcecode.c.h; path = NTMainViewController.h; sourceTree = "<group>"; };
		3A07E6F218CFF4ED0008A00F /* NTMainViewController.m */ = {isa = PBXFileReference; lastKnownFileType = sourcecode.c.objc; path = NTMainViewController.m; sourceTree = "<group>"; };
		3A07E6F418CFF4ED0008A00F /* Images.xcassets */ = {isa = PBXFileReference; lastKnownFileType = folder.assetcatalog; path = Images.xcassets; sourceTree = "<group>"; };
		3A07E6FA18CFF4ED0008A00F /* NewsTests.xctest */ = {isa = PBXFileReference; explicitFileType = wrapper.cfbundle; includeInIndex = 0; path = NewsTests.xctest; sourceTree = BUILT_PRODUCTS_DIR; };
		3A07E6FB18CFF4ED0008A00F /* XCTest.framework */ = {isa = PBXFileReference; lastKnownFileType = wrapper.framework; name = XCTest.framework; path = Library/Frameworks/XCTest.framework; sourceTree = DEVELOPER_DIR; };
		3A07E70318CFF4ED0008A00F /* NewsTests-Info.plist */ = {isa = PBXFileReference; lastKnownFileType = text.plist.xml; path = "NewsTests-Info.plist"; sourceTree = "<group>"; };
		3A07E70518CFF4ED0008A00F /* en */ = {isa = PBXFileReference; lastKnownFileType = text.plist.strings; name = en; path = en.lproj/InfoPlist.strings; sourceTree = "<group>"; };
		3A07E70718CFF4ED0008A00F /* NewsTests.m */ = {isa = PBXFileReference; lastKnownFileType = sourcecode.c.objc; path = NewsTests.m; sourceTree = "<group>"; };
		3A07E71818CFF5A10008A00F /* AppMacro.h */ = {isa = PBXFileReference; lastKnownFileType = sourcecode.c.h; path = AppMacro.h; sourceTree = "<group>"; };
		3A07E71918CFF6010008A00F /* NotificationMacro.h */ = {isa = PBXFileReference; lastKnownFileType = sourcecode.c.h; path = NotificationMacro.h; sourceTree = "<group>"; };
		3A07E71A18CFF62E0008A00F /* UtilsMacro.h */ = {isa = PBXFileReference; lastKnownFileType = sourcecode.c.h; path = UtilsMacro.h; sourceTree = "<group>"; };
		3A07E71B18CFF6EA0008A00F /* VendorMacro.h */ = {isa = PBXFileReference; lastKnownFileType = sourcecode.c.h; path = VendorMacro.h; sourceTree = "<group>"; };
		3A07E72318CFF7BF0008A00F /* NTTableViewCell.h */ = {isa = PBXFileReference; fileEncoding = 4; lastKnownFileType = sourcecode.c.h; path = NTTableViewCell.h; sourceTree = "<group>"; };
		3A07E72418CFF7BF0008A00F /* NTTableViewCell.m */ = {isa = PBXFileReference; fileEncoding = 4; lastKnownFileType = sourcecode.c.objc; path = NTTableViewCell.m; sourceTree = "<group>"; };
		3A07E72718CFF7F50008A00F /* NTTableView.h */ = {isa = PBXFileReference; fileEncoding = 4; lastKnownFileType = sourcecode.c.h; name = NTTableView.h; path = NTTableView/NTTableView.h; sourceTree = "<group>"; };
		3A07E72818CFF7F50008A00F /* NTTableView.m */ = {isa = PBXFileReference; fileEncoding = 4; lastKnownFileType = sourcecode.c.objc; name = NTTableView.m; path = NTTableView/NTTableView.m; sourceTree = "<group>"; };
		3A07E74218CFFA4C0008A00F /* WXXBaseModel.h */ = {isa = PBXFileReference; fileEncoding = 4; lastKnownFileType = sourcecode.c.h; path = WXXBaseModel.h; sourceTree = "<group>"; };
		3A07E74318CFFA4C0008A00F /* WXXBaseModel.m */ = {isa = PBXFileReference; fileEncoding = 4; lastKnownFileType = sourcecode.c.objc; path = WXXBaseModel.m; sourceTree = "<group>"; };
		3A07E74618CFFAB80008A00F /* UIView+Effects.h */ = {isa = PBXFileReference; fileEncoding = 4; lastKnownFileType = sourcecode.c.h; path = "UIView+Effects.h"; sourceTree = "<group>"; };
		3A07E74718CFFAB80008A00F /* UIView+Effects.m */ = {isa = PBXFileReference; fileEncoding = 4; lastKnownFileType = sourcecode.c.objc; path = "UIView+Effects.m"; sourceTree = "<group>"; };
		3A07E74A18CFFAC50008A00F /* UIDevice+Resolutions.h */ = {isa = PBXFileReference; fileEncoding = 4; lastKnownFileType = sourcecode.c.h; path = "UIDevice+Resolutions.h"; sourceTree = "<group>"; };
		3A07E74B18CFFAC50008A00F /* UIDevice+Resolutions.m */ = {isa = PBXFileReference; fileEncoding = 4; lastKnownFileType = sourcecode.c.objc; path = "UIDevice+Resolutions.m"; sourceTree = "<group>"; };
		BF63C9D199FB43FD82FB16EE /* Pods.xcconfig */ = {isa = PBXFileReference; includeInIndex = 1; lastKnownFileType = text.xcconfig; name = Pods.xcconfig; path = Pods/Pods.xcconfig; sourceTree = "<group>"; };
/* End PBXFileReference section */

/* Begin PBXFrameworksBuildPhase section */
		3A07E6D618CFF4ED0008A00F /* Frameworks */ = {
			isa = PBXFrameworksBuildPhase;
			buildActionMask = 2147483647;
			files = (
				3A07E6DF18CFF4ED0008A00F /* CoreGraphics.framework in Frameworks */,
				3A07E6E118CFF4ED0008A00F /* UIKit.framework in Frameworks */,
				3A07E6DD18CFF4ED0008A00F /* Foundation.framework in Frameworks */,
				9427A989DB5A467F8A37FFD1 /* libPods.a in Frameworks */,
			);
			runOnlyForDeploymentPostprocessing = 0;
		};
		3A07E6F718CFF4ED0008A00F /* Frameworks */ = {
			isa = PBXFrameworksBuildPhase;
			buildActionMask = 2147483647;
			files = (
				3A07E6FC18CFF4ED0008A00F /* XCTest.framework in Frameworks */,
				3A07E6FE18CFF4ED0008A00F /* UIKit.framework in Frameworks */,
				3A07E6FD18CFF4ED0008A00F /* Foundation.framework in Frameworks */,
			);
			runOnlyForDeploymentPostprocessing = 0;
		};
/* End PBXFrameworksBuildPhase section */

/* Begin PBXGroup section */
		0D668D3B18D8909B00B8EF6F /* Classes */ = {
			isa = PBXGroup;
			children = (
				0DF9524A18E8407C004DFFED /* Utils */,
				0D668D3C18D8909B00B8EF6F /* Controller */,
			);
			path = Classes;
			sourceTree = "<group>";
		};
		0D668D3C18D8909B00B8EF6F /* Controller */ = {
			isa = PBXGroup;
			children = (
				0DF9523F18E83CA5004DFFED /* HomePage */,
				0DF9523818E83BCC004DFFED /* JASidePanels */,
				0D668D3D18D8909B00B8EF6F /* NTNavigationController */,
				0D668D4018D8909B00B8EF6F /* NTViewController */,
			);
			path = Controller;
			sourceTree = "<group>";
		};
		0D668D3D18D8909B00B8EF6F /* NTNavigationController */ = {
			isa = PBXGroup;
			children = (
				0D668D3E18D8909B00B8EF6F /* NTNavigationController.h */,
				0D668D3F18D8909B00B8EF6F /* NTNavigationController.m */,
			);
			path = NTNavigationController;
			sourceTree = "<group>";
		};
		0D668D4018D8909B00B8EF6F /* NTViewController */ = {
			isa = PBXGroup;
			children = (
				0D668D4118D8909B00B8EF6F /* NTViewController.h */,
				0D668D4218D8909B00B8EF6F /* NTViewController.m */,
			);
			path = NTViewController;
			sourceTree = "<group>";
		};
		0DF9523818E83BCC004DFFED /* JASidePanels */ = {
			isa = PBXGroup;
			children = (
				0DF9523918E83BCC004DFFED /* JASidePanelController.h */,
				0DF9523A18E83BCC004DFFED /* JASidePanelController.m */,
				0DF9523B18E83BCC004DFFED /* UIViewController+JASidePanel.h */,
				0DF9523C18E83BCC004DFFED /* UIViewController+JASidePanel.m */,
			);
			path = JASidePanels;
			sourceTree = "<group>";
		};
		0DF9523F18E83CA5004DFFED /* HomePage */ = {
			isa = PBXGroup;
			children = (
				0DF9524018E83CBE004DFFED /* NTLeftMenuController.h */,
				0DF9524118E83CBE004DFFED /* NTLeftMenuController.m */,
				0DF9524318E83CCF004DFFED /* NTRightMenuController.h */,
				0DF9524418E83CCF004DFFED /* NTRightMenuController.m */,
				0DF9524618E83CFD004DFFED /* NTCenterController.h */,
				0DF9524718E83CFD004DFFED /* NTCenterController.m */,
			);
			path = HomePage;
			sourceTree = "<group>";
		};
		0DF9524A18E8407C004DFFED /* Utils */ = {
			isa = PBXGroup;
			children = (
				0DF9524B18E840A5004DFFED /* UIUtils */,
			);
			path = Utils;
			sourceTree = "<group>";
		};
		0DF9524B18E840A5004DFFED /* UIUtils */ = {
			isa = PBXGroup;
			children = (
				0DF9524C18E840A5004DFFED /* UIUtils.h */,
				0DF9524D18E840A5004DFFED /* UIUtils.m */,
			);
			path = UIUtils;
			sourceTree = "<group>";
		};
		0DF9525318E84196004DFFED /* UIViewExt */ = {
			isa = PBXGroup;
			children = (
				0DF9525418E84196004DFFED /* UIViewExt.h */,
				0DF9525518E84196004DFFED /* UIViewExt.m */,
			);
			path = UIViewExt;
			sourceTree = "<group>";
		};
		3A07E6D018CFF4ED0008A00F = {
			isa = PBXGroup;
			children = (
				3A07E71118CFF5640008A00F /* General */,
				3A07E71218CFF5640008A00F /* Helpers */,
				3A07E71318CFF5640008A00F /* Macro */,
				3A07E71418CFF5640008A00F /* Models */,
				3A07E71518CFF5700008A00F /* Resources */,
				3A07E71618CFF5700008A00F /* Sections */,
				3A07E74018CFFA3D0008A00F /* Vendors */,
				3A07E6E218CFF4ED0008A00F /* News */,
				3A07E70118CFF4ED0008A00F /* NewsTests */,
				3A07E6DB18CFF4ED0008A00F /* Frameworks */,
				3A07E6DA18CFF4ED0008A00F /* Products */,
				BF63C9D199FB43FD82FB16EE /* Pods.xcconfig */,
			);
			sourceTree = "<group>";
		};
		3A07E6DA18CFF4ED0008A00F /* Products */ = {
			isa = PBXGroup;
			children = (
				3A07E6D918CFF4ED0008A00F /* News.app */,
				3A07E6FA18CFF4ED0008A00F /* NewsTests.xctest */,
			);
			name = Products;
			sourceTree = "<group>";
		};
		3A07E6DB18CFF4ED0008A00F /* Frameworks */ = {
			isa = PBXGroup;
			children = (
				3A07E6DC18CFF4ED0008A00F /* Foundation.framework */,
				3A07E6DE18CFF4ED0008A00F /* CoreGraphics.framework */,
				3A07E6E018CFF4ED0008A00F /* UIKit.framework */,
				3A07E6FB18CFF4ED0008A00F /* XCTest.framework */,
				2A8F1D716E454D2EA0B7D988 /* libPods.a */,
			);
			name = Frameworks;
			sourceTree = "<group>";
		};
		3A07E6E218CFF4ED0008A00F /* News */ = {
			isa = PBXGroup;
			children = (
				3A07E6EB18CFF4ED0008A00F /* NTAppDelegate.h */,
				3A07E6EC18CFF4ED0008A00F /* NTAppDelegate.m */,
				3A07E6EE18CFF4ED0008A00F /* Main.storyboard */,
				3A07E6F118CFF4ED0008A00F /* NTMainViewController.h */,
				3A07E6F218CFF4ED0008A00F /* NTMainViewController.m */,
				3A07E6F418CFF4ED0008A00F /* Images.xcassets */,
				3A07E6E318CFF4ED0008A00F /* Supporting Files */,
			);
			path = News;
			sourceTree = "<group>";
		};
		3A07E6E318CFF4ED0008A00F /* Supporting Files */ = {
			isa = PBXGroup;
			children = (
				3A07E6E418CFF4ED0008A00F /* News-Info.plist */,
				3A07E6E518CFF4ED0008A00F /* InfoPlist.strings */,
				3A07E6E818CFF4ED0008A00F /* main.m */,
				3A07E6EA18CFF4ED0008A00F /* News-Prefix.pch */,
			);
			name = "Supporting Files";
			sourceTree = "<group>";
		};
		3A07E70118CFF4ED0008A00F /* NewsTests */ = {
			isa = PBXGroup;
			children = (
				3A07E70718CFF4ED0008A00F /* NewsTests.m */,
				3A07E70218CFF4ED0008A00F /* Supporting Files */,
			);
			path = NewsTests;
			sourceTree = "<group>";
		};
		3A07E70218CFF4ED0008A00F /* Supporting Files */ = {
			isa = PBXGroup;
			children = (
				3A07E70318CFF4ED0008A00F /* NewsTests-Info.plist */,
				3A07E70418CFF4ED0008A00F /* InfoPlist.strings */,
			);
			name = "Supporting Files";
			sourceTree = "<group>";
		};
		3A07E71118CFF5640008A00F /* General */ = {
			isa = PBXGroup;
			children = (
				0D668D3B18D8909B00B8EF6F /* Classes */,
				3A07E71E18CFF7670008A00F /* Views */,
				3A07E71C18CFF7670008A00F /* Categories */,
			);
			path = General;
			sourceTree = "<group>";
		};
		3A07E71218CFF5640008A00F /* Helpers */ = {
			isa = PBXGroup;
			children = (
			);
			path = Helpers;
			sourceTree = "<group>";
		};
		3A07E71318CFF5640008A00F /* Macro */ = {
			isa = PBXGroup;
			children = (
				3A07E71818CFF5A10008A00F /* AppMacro.h */,
				3A07E71918CFF6010008A00F /* NotificationMacro.h */,
				3A07E71A18CFF62E0008A00F /* UtilsMacro.h */,
				3A07E71B18CFF6EA0008A00F /* VendorMacro.h */,
				0DF9524918E83FF1004DFFED /* NewsAPIMacro.h */,
			);
			path = Macro;
			sourceTree = "<group>";
		};
		3A07E71418CFF5640008A00F /* Models */ = {
			isa = PBXGroup;
			children = (
				3A07E74118CFFA4C0008A00F /* BaseModel */,
			);
			path = Models;
			sourceTree = "<group>";
		};
		3A07E71518CFF5700008A00F /* Resources */ = {
			isa = PBXGroup;
			children = (
				3A07E75618CFFCBF0008A00F /* Image */,
				3A07E75718CFFCBF0008A00F /* Sound */,
				3A07E75818CFFCBF0008A00F /* Video */,
			);
			path = Resources;
			sourceTree = "<group>";
		};
		3A07E71618CFF5700008A00F /* Sections */ = {
			isa = PBXGroup;
			children = (
			);
			path = Sections;
			sourceTree = "<group>";
		};
		3A07E71C18CFF7670008A00F /* Categories */ = {
			isa = PBXGroup;
			children = (
				0DF9525318E84196004DFFED /* UIViewExt */,
				3A07E74918CFFAC50008A00F /* UIDevice+Resolutions */,
				3A07E74518CFFAB80008A00F /* UIView+Effects */,
			);
			path = Categories;
			sourceTree = "<group>";
		};
		3A07E71E18CFF7670008A00F /* Views */ = {
			isa = PBXGroup;
			children = (
				3A07E72618CFF7C60008A00F /* NTTableView */,
				3A07E72218CFF7BF0008A00F /* NTTableViewCell */,
			);
			path = Views;
			sourceTree = "<group>";
		};
		3A07E72218CFF7BF0008A00F /* NTTableViewCell */ = {
			isa = PBXGroup;
			children = (
				3A07E72318CFF7BF0008A00F /* NTTableViewCell.h */,
				3A07E72418CFF7BF0008A00F /* NTTableViewCell.m */,
			);
			path = NTTableViewCell;
			sourceTree = "<group>";
		};
		3A07E72618CFF7C60008A00F /* NTTableView */ = {
			isa = PBXGroup;
			children = (
				3A07E72718CFF7F50008A00F /* NTTableView.h */,
				3A07E72818CFF7F50008A00F /* NTTableView.m */,
			);
			name = NTTableView;
			sourceTree = "<group>";
		};
		3A07E74018CFFA3D0008A00F /* Vendors */ = {
			isa = PBXGroup;
			children = (
			);
			name = Vendors;
			path = Sections/Vendors;
			sourceTree = "<group>";
		};
		3A07E74118CFFA4C0008A00F /* BaseModel */ = {
			isa = PBXGroup;
			children = (
				3A07E74218CFFA4C0008A00F /* WXXBaseModel.h */,
				3A07E74318CFFA4C0008A00F /* WXXBaseModel.m */,
			);
			path = BaseModel;
			sourceTree = "<group>";
		};
		3A07E74518CFFAB80008A00F /* UIView+Effects */ = {
			isa = PBXGroup;
			children = (
				3A07E74618CFFAB80008A00F /* UIView+Effects.h */,
				3A07E74718CFFAB80008A00F /* UIView+Effects.m */,
			);
			path = "UIView+Effects";
			sourceTree = "<group>";
		};
		3A07E74918CFFAC50008A00F /* UIDevice+Resolutions */ = {
			isa = PBXGroup;
			children = (
				3A07E74A18CFFAC50008A00F /* UIDevice+Resolutions.h */,
				3A07E74B18CFFAC50008A00F /* UIDevice+Resolutions.m */,
			);
			path = "UIDevice+Resolutions";
			sourceTree = "<group>";
		};
		3A07E75618CFFCBF0008A00F /* Image */ = {
			isa = PBXGroup;
			children = (
			);
			path = Image;
			sourceTree = "<group>";
		};
		3A07E75718CFFCBF0008A00F /* Sound */ = {
			isa = PBXGroup;
			children = (
			);
			path = Sound;
			sourceTree = "<group>";
		};
		3A07E75818CFFCBF0008A00F /* Video */ = {
			isa = PBXGroup;
			children = (
			);
			path = Video;
			sourceTree = "<group>";
		};
/* End PBXGroup section */

/* Begin PBXNativeTarget section */
		3A07E6D818CFF4ED0008A00F /* News */ = {
			isa = PBXNativeTarget;
			buildConfigurationList = 3A07E70B18CFF4ED0008A00F /* Build configuration list for PBXNativeTarget "News" */;
			buildPhases = (
				E572CEAAECE04F01A29C4494 /* Check Pods Manifest.lock */,
				3A07E6D518CFF4ED0008A00F /* Sources */,
				3A07E6D618CFF4ED0008A00F /* Frameworks */,
				3A07E6D718CFF4ED0008A00F /* Resources */,
				B08D1ED0604A4A09A2D08974 /* Copy Pods Resources */,
			);
			buildRules = (
			);
			dependencies = (
			);
			name = News;
			productName = News;
			productReference = 3A07E6D918CFF4ED0008A00F /* News.app */;
			productType = "com.apple.product-type.application";
		};
		3A07E6F918CFF4ED0008A00F /* NewsTests */ = {
			isa = PBXNativeTarget;
			buildConfigurationList = 3A07E70E18CFF4ED0008A00F /* Build configuration list for PBXNativeTarget "NewsTests" */;
			buildPhases = (
				3A07E6F618CFF4ED0008A00F /* Sources */,
				3A07E6F718CFF4ED0008A00F /* Frameworks */,
				3A07E6F818CFF4ED0008A00F /* Resources */,
			);
			buildRules = (
			);
			dependencies = (
				3A07E70018CFF4ED0008A00F /* PBXTargetDependency */,
			);
			name = NewsTests;
			productName = NewsTests;
			productReference = 3A07E6FA18CFF4ED0008A00F /* NewsTests.xctest */;
			productType = "com.apple.product-type.bundle.unit-test";
		};
/* End PBXNativeTarget section */

/* Begin PBXProject section */
		3A07E6D118CFF4ED0008A00F /* Project object */ = {
			isa = PBXProject;
			attributes = {
				CLASSPREFIX = NT;
				LastUpgradeCheck = 0510;
				ORGANIZATIONNAME = NextTime;
				TargetAttributes = {
					3A07E6F918CFF4ED0008A00F = {
						TestTargetID = 3A07E6D818CFF4ED0008A00F;
					};
				};
			};
			buildConfigurationList = 3A07E6D418CFF4ED0008A00F /* Build configuration list for PBXProject "News" */;
			compatibilityVersion = "Xcode 3.2";
			developmentRegion = English;
			hasScannedForEncodings = 0;
			knownRegions = (
				en,
				Base,
			);
			mainGroup = 3A07E6D018CFF4ED0008A00F;
			productRefGroup = 3A07E6DA18CFF4ED0008A00F /* Products */;
			projectDirPath = "";
			projectRoot = "";
			targets = (
				3A07E6D818CFF4ED0008A00F /* News */,
				3A07E6F918CFF4ED0008A00F /* NewsTests */,
			);
		};
/* End PBXProject section */

/* Begin PBXResourcesBuildPhase section */
		3A07E6D718CFF4ED0008A00F /* Resources */ = {
			isa = PBXResourcesBuildPhase;
			buildActionMask = 2147483647;
			files = (
				3A07E6F518CFF4ED0008A00F /* Images.xcassets in Resources */,
				3A07E6E718CFF4ED0008A00F /* InfoPlist.strings in Resources */,
				3A07E6F018CFF4ED0008A00F /* Main.storyboard in Resources */,
			);
			runOnlyForDeploymentPostprocessing = 0;
		};
		3A07E6F818CFF4ED0008A00F /* Resources */ = {
			isa = PBXResourcesBuildPhase;
			buildActionMask = 2147483647;
			files = (
				3A07E70618CFF4ED0008A00F /* InfoPlist.strings in Resources */,
			);
			runOnlyForDeploymentPostprocessing = 0;
		};
/* End PBXResourcesBuildPhase section */

/* Begin PBXShellScriptBuildPhase section */
		B08D1ED0604A4A09A2D08974 /* Copy Pods Resources */ = {
			isa = PBXShellScriptBuildPhase;
			buildActionMask = 2147483647;
			files = (
			);
			inputPaths = (
			);
			name = "Copy Pods Resources";
			outputPaths = (
			);
			runOnlyForDeploymentPostprocessing = 0;
			shellPath = /bin/sh;
			shellScript = "\"${SRCROOT}/Pods/Pods-resources.sh\"\n";
			showEnvVarsInLog = 0;
		};
		E572CEAAECE04F01A29C4494 /* Check Pods Manifest.lock */ = {
			isa = PBXShellScriptBuildPhase;
			buildActionMask = 2147483647;
			files = (
			);
			inputPaths = (
			);
			name = "Check Pods Manifest.lock";
			outputPaths = (
			);
			runOnlyForDeploymentPostprocessing = 0;
			shellPath = /bin/sh;
			shellScript = "diff \"${PODS_ROOT}/../Podfile.lock\" \"${PODS_ROOT}/Manifest.lock\" > /dev/null\nif [[ $? != 0 ]] ; then\n    cat << EOM\nerror: The sandbox is not in sync with the Podfile.lock. Run 'pod install' or update your CocoaPods installation.\nEOM\n    exit 1\nfi\n";
			showEnvVarsInLog = 0;
		};
/* End PBXShellScriptBuildPhase section */

/* Begin PBXSourcesBuildPhase section */
		3A07E6D518CFF4ED0008A00F /* Sources */ = {
			isa = PBXSourcesBuildPhase;
			buildActionMask = 2147483647;
			files = (
				0DF9524E18E840A5004DFFED /* UIUtils.m in Sources */,
				3A07E6F318CFF4ED0008A00F /* NTMainViewController.m in Sources */,
				3A07E74418CFFA4C0008A00F /* WXXBaseModel.m in Sources */,
				3A07E74C18CFFAC50008A00F /* UIDevice+Resolutions.m in Sources */,
				3A07E72918CFF7F50008A00F /* NTTableView.m in Sources */,
				3A07E72518CFF7BF0008A00F /* NTTableViewCell.m in Sources */,
				0DF9524218E83CBE004DFFED /* NTLeftMenuController.m in Sources */,
				0D668D4418D8909B00B8EF6F /* NTViewController.m in Sources */,
				0DF9523D18E83BCC004DFFED /* JASidePanelController.m in Sources */,
				3A07E6ED18CFF4ED0008A00F /* NTAppDelegate.m in Sources */,
				0DF9524818E83CFD004DFFED /* NTCenterController.m in Sources */,
				3A07E6E918CFF4ED0008A00F /* main.m in Sources */,
				0DF9524518E83CCF004DFFED /* NTRightMenuController.m in Sources */,
				0D668D4318D8909B00B8EF6F /* NTNavigationController.m in Sources */,
				3A07E74818CFFAB80008A00F /* UIView+Effects.m in Sources */,
				0DF9523E18E83BCC004DFFED /* UIViewController+JASidePanel.m in Sources */,
				0DF9525618E84196004DFFED /* UIViewExt.m in Sources */,
			);
			runOnlyForDeploymentPostprocessing = 0;
		};
		3A07E6F618CFF4ED0008A00F /* Sources */ = {
			isa = PBXSourcesBuildPhase;
			buildActionMask = 2147483647;
			files = (
				3A07E70818CFF4ED0008A00F /* NewsTests.m in Sources */,
			);
			runOnlyForDeploymentPostprocessing = 0;
		};
/* End PBXSourcesBuildPhase section */

/* Begin PBXTargetDependency section */
		3A07E70018CFF4ED0008A00F /* PBXTargetDependency */ = {
			isa = PBXTargetDependency;
			target = 3A07E6D818CFF4ED0008A00F /* News */;
			targetProxy = 3A07E6FF18CFF4ED0008A00F /* PBXContainerItemProxy */;
		};
/* End PBXTargetDependency section */

/* Begin PBXVariantGroup section */
		3A07E6E518CFF4ED0008A00F /* InfoPlist.strings */ = {
			isa = PBXVariantGroup;
			children = (
				3A07E6E618CFF4ED0008A00F /* en */,
			);
			name = InfoPlist.strings;
			sourceTree = "<group>";
		};
		3A07E6EE18CFF4ED0008A00F /* Main.storyboard */ = {
			isa = PBXVariantGroup;
			children = (
				3A07E6EF18CFF4ED0008A00F /* Base */,
			);
			name = Main.storyboard;
			sourceTree = "<group>";
		};
		3A07E70418CFF4ED0008A00F /* InfoPlist.strings */ = {
			isa = PBXVariantGroup;
			children = (
				3A07E70518CFF4ED0008A00F /* en */,
			);
			name = InfoPlist.strings;
			sourceTree = "<group>";
		};
/* End PBXVariantGroup section */

/* Begin XCBuildConfiguration section */
		3A07E70918CFF4ED0008A00F /* Debug */ = {
			isa = XCBuildConfiguration;
			buildSettings = {
				ALWAYS_SEARCH_USER_PATHS = NO;
				CLANG_CXX_LANGUAGE_STANDARD = "gnu++0x";
				CLANG_CXX_LIBRARY = "libc++";
				CLANG_ENABLE_MODULES = YES;
				CLANG_ENABLE_OBJC_ARC = YES;
				CLANG_WARN_BOOL_CONVERSION = YES;
				CLANG_WARN_CONSTANT_CONVERSION = YES;
				CLANG_WARN_DIRECT_OBJC_ISA_USAGE = YES_ERROR;
				CLANG_WARN_EMPTY_BODY = YES;
				CLANG_WARN_ENUM_CONVERSION = YES;
				CLANG_WARN_INT_CONVERSION = YES;
				CLANG_WARN_OBJC_ROOT_CLASS = YES_ERROR;
				CLANG_WARN__DUPLICATE_METHOD_MATCH = YES;
				"CODE_SIGN_IDENTITY[sdk=iphoneos*]" = "iPhone Developer";
				COPY_PHASE_STRIP = NO;
				GCC_C_LANGUAGE_STANDARD = gnu99;
				GCC_DYNAMIC_NO_PIC = NO;
				GCC_OPTIMIZATION_LEVEL = 0;
				GCC_PREPROCESSOR_DEFINITIONS = (
					"DEBUG=1",
					"$(inherited)",
				);
				GCC_SYMBOLS_PRIVATE_EXTERN = NO;
				GCC_WARN_64_TO_32_BIT_CONVERSION = YES;
				GCC_WARN_ABOUT_RETURN_TYPE = YES_ERROR;
				GCC_WARN_UNDECLARED_SELECTOR = YES;
				GCC_WARN_UNINITIALIZED_AUTOS = YES;
				GCC_WARN_UNUSED_FUNCTION = YES;
				GCC_WARN_UNUSED_VARIABLE = YES;
				IPHONEOS_DEPLOYMENT_TARGET = 7.0;
				ONLY_ACTIVE_ARCH = YES;
				SDKROOT = iphoneos;
			};
			name = Debug;
		};
		3A07E70A18CFF4ED0008A00F /* Release */ = {
			isa = XCBuildConfiguration;
			buildSettings = {
				ALWAYS_SEARCH_USER_PATHS = NO;
				CLANG_CXX_LANGUAGE_STANDARD = "gnu++0x";
				CLANG_CXX_LIBRARY = "libc++";
				CLANG_ENABLE_MODULES = YES;
				CLANG_ENABLE_OBJC_ARC = YES;
				CLANG_WARN_BOOL_CONVERSION = YES;
				CLANG_WARN_CONSTANT_CONVERSION = YES;
				CLANG_WARN_DIRECT_OBJC_ISA_USAGE = YES_ERROR;
				CLANG_WARN_EMPTY_BODY = YES;
				CLANG_WARN_ENUM_CONVERSION = YES;
				CLANG_WARN_INT_CONVERSION = YES;
				CLANG_WARN_OBJC_ROOT_CLASS = YES_ERROR;
				CLANG_WARN__DUPLICATE_METHOD_MATCH = YES;
				"CODE_SIGN_IDENTITY[sdk=iphoneos*]" = "iPhone Developer";
				COPY_PHASE_STRIP = YES;
				ENABLE_NS_ASSERTIONS = NO;
				GCC_C_LANGUAGE_STANDARD = gnu99;
				GCC_WARN_64_TO_32_BIT_CONVERSION = YES;
				GCC_WARN_ABOUT_RETURN_TYPE = YES_ERROR;
				GCC_WARN_UNDECLARED_SELECTOR = YES;
				GCC_WARN_UNINITIALIZED_AUTOS = YES;
				GCC_WARN_UNUSED_FUNCTION = YES;
				GCC_WARN_UNUSED_VARIABLE = YES;
				IPHONEOS_DEPLOYMENT_TARGET = 7.0;
				SDKROOT = iphoneos;
				VALIDATE_PRODUCT = YES;
			};
			name = Release;
		};
		3A07E70C18CFF4ED0008A00F /* Debug */ = {
			isa = XCBuildConfiguration;
			baseConfigurationReference = BF63C9D199FB43FD82FB16EE /* Pods.xcconfig */;
			buildSettings = {
				ASSETCATALOG_COMPILER_APPICON_NAME = AppIcon;
				ASSETCATALOG_COMPILER_LAUNCHIMAGE_NAME = LaunchImage;
				GCC_PRECOMPILE_PREFIX_HEADER = YES;
				GCC_PREFIX_HEADER = "News/News-Prefix.pch";
				INFOPLIST_FILE = "News/News-Info.plist";
				PRODUCT_NAME = "$(TARGET_NAME)";
				WRAPPER_EXTENSION = app;
			};
			name = Debug;
		};
		3A07E70D18CFF4ED0008A00F /* Release */ = {
			isa = XCBuildConfiguration;
			baseConfigurationReference = BF63C9D199FB43FD82FB16EE /* Pods.xcconfig */;
			buildSettings = {
				ASSETCATALOG_COMPILER_APPICON_NAME = AppIcon;
				ASSETCATALOG_COMPILER_LAUNCHIMAGE_NAME = LaunchImage;
				GCC_PRECOMPILE_PREFIX_HEADER = YES;
				GCC_PREFIX_HEADER = "News/News-Prefix.pch";
				INFOPLIST_FILE = "News/News-Info.plist";
				PRODUCT_NAME = "$(TARGET_NAME)";
				WRAPPER_EXTENSION = app;
			};
			name = Release;
		};
		3A07E70F18CFF4ED0008A00F /* Debug */ = {
			isa = XCBuildConfiguration;
			buildSettings = {
				BUNDLE_LOADER = "$(BUILT_PRODUCTS_DIR)/News.app/News";
				FRAMEWORK_SEARCH_PATHS = (
					"$(SDKROOT)/Developer/Library/Frameworks",
					"$(inherited)",
					"$(DEVELOPER_FRAMEWORKS_DIR)",
				);
				GCC_PRECOMPILE_PREFIX_HEADER = YES;
				GCC_PREFIX_HEADER = "News/News-Prefix.pch";
				GCC_PREPROCESSOR_DEFINITIONS = (
					"DEBUG=1",
					"$(inherited)",
				);
				INFOPLIST_FILE = "NewsTests/NewsTests-Info.plist";
				PRODUCT_NAME = "$(TARGET_NAME)";
				TEST_HOST = "$(BUNDLE_LOADER)";
				WRAPPER_EXTENSION = xctest;
			};
			name = Debug;
		};
		3A07E71018CFF4ED0008A00F /* Release */ = {
			isa = XCBuildConfiguration;
			buildSettings = {
				BUNDLE_LOADER = "$(BUILT_PRODUCTS_DIR)/News.app/News";
				FRAMEWORK_SEARCH_PATHS = (
					"$(SDKROOT)/Developer/Library/Frameworks",
					"$(inherited)",
					"$(DEVELOPER_FRAMEWORKS_DIR)",
				);
				GCC_PRECOMPILE_PREFIX_HEADER = YES;
				GCC_PREFIX_HEADER = "News/News-Prefix.pch";
				INFOPLIST_FILE = "NewsTests/NewsTests-Info.plist";
				PRODUCT_NAME = "$(TARGET_NAME)";
				TEST_HOST = "$(BUNDLE_LOADER)";
				WRAPPER_EXTENSION = xctest;
			};
			name = Release;
		};
/* End XCBuildConfiguration section */

/* Begin XCConfigurationList section */
		3A07E6D418CFF4ED0008A00F /* Build configuration list for PBXProject "News" */ = {
			isa = XCConfigurationList;
			buildConfigurations = (
				3A07E70918CFF4ED0008A00F /* Debug */,
				3A07E70A18CFF4ED0008A00F /* Release */,
			);
			defaultConfigurationIsVisible = 0;
			defaultConfigurationName = Release;
		};
		3A07E70B18CFF4ED0008A00F /* Build configuration list for PBXNativeTarget "News" */ = {
			isa = XCConfigurationList;
			buildConfigurations = (
				3A07E70C18CFF4ED0008A00F /* Debug */,
				3A07E70D18CFF4ED0008A00F /* Release */,
			);
			defaultConfigurationIsVisible = 0;
			defaultConfigurationName = Release;
		};
		3A07E70E18CFF4ED0008A00F /* Build configuration list for PBXNativeTarget "NewsTests" */ = {
			isa = XCConfigurationList;
			buildConfigurations = (
				3A07E70F18CFF4ED0008A00F /* Debug */,
				3A07E71018CFF4ED0008A00F /* Release */,
			);
			defaultConfigurationIsVisible = 0;
			defaultConfigurationName = Release;
		};
/* End XCConfigurationList section */
	};
	rootObject = 3A07E6D118CFF4ED0008A00F /* Project object */;
}
